
Microsoft Visual Studio Solution File, Format Version 12.00
# Visual Studio Version 16
VisualStudioVersion = 16.0.32228.343
MinimumVisualStudioVersion = 10.0.40219.1
Project("{FAE04EC0-301F-11D3-BF4B-00C04F79EFBC}") = "Schedulling", "Schedulling.csproj", "{13EDE69D-660E-4060-8261-AF3FA5E9C688}"
EndProject
Global
	GlobalSection(SolutionConfigurationPlatforms) = preSolution
		Debug|Any CPU = Debug|Any CPU
		Release|Any CPU = Release|Any CPU
	EndGlobalSection
	GlobalSection(ProjectConfigurationPlatforms) = postSolution
		{13EDE69D-660E-4060-8261-AF3FA5E9C688}.Debug|Any CPU.ActiveCfg = Debug|Any CPU
		{13EDE69D-660E-4060-8261-AF3FA5E9C688}.Debug|Any CPU.Build.0 = Debug|Any CPU
		{13EDE69D-660E-4060-8261-AF3FA5E9C688}.Release|Any CPU.ActiveCfg = Release|Any CPU
		{13EDE69D-660E-4060-8261-AF3FA5E9C688}.Release|Any CPU.Build.0 = Release|Any CPU
	EndGlobalSection
	GlobalSection(SolutionProperties) = preSolution
		HideSolutionNode = FALSE
	EndGlobalSection
	GlobalSection(ExtensibilityGlobals) = postSolution
		SolutionGuid = {2E913B0F-9C50-41FF-A1EE-EA395CA3208A}
	EndGlobalSection
EndGlobal
